// !$*UTF8*$!
{
	archiveVersion = 1;
	classes = {
	};
	objectVersion = 50;
	objects = {

/* Begin PBXBuildFile section */
		4C2A8E8321408D6F0086A5A2 /* AppDelegate.swift in Sources */ = {isa = PBXBuildFile; fileRef = 4C2A8E8221408D6F0086A5A2 /* AppDelegate.swift */; };
		4C2A8E8521408D6F0086A5A2 /* ViewController.swift in Sources */ = {isa = PBXBuildFile; fileRef = 4C2A8E8421408D6F0086A5A2 /* ViewController.swift */; };
		4C2A8E8821408D6F0086A5A2 /* Main.storyboard in Resources */ = {isa = PBXBuildFile; fileRef = 4C2A8E8621408D6F0086A5A2 /* Main.storyboard */; };
		4C2A8E8B21408D6F0086A5A2 /* ThingsToDo.xcdatamodeld in Sources */ = {isa = PBXBuildFile; fileRef = 4C2A8E8921408D6F0086A5A2 /* ThingsToDo.xcdatamodeld */; };
		4C2A8E8D21408D780086A5A2 /* Assets.xcassets in Resources */ = {isa = PBXBuildFile; fileRef = 4C2A8E8C21408D780086A5A2 /* Assets.xcassets */; };
		4C2A8E9021408D780086A5A2 /* LaunchScreen.storyboard in Resources */ = {isa = PBXBuildFile; fileRef = 4C2A8E8E21408D780086A5A2 /* LaunchScreen.storyboard */; };
		4C2A8E9B21408D790086A5A2 /* ThingsToDoTests.swift in Sources */ = {isa = PBXBuildFile; fileRef = 4C2A8E9A21408D790086A5A2 /* ThingsToDoTests.swift */; };
		4C2A8EA621408D790086A5A2 /* ThingsToDoUITests.swift in Sources */ = {isa = PBXBuildFile; fileRef = 4C2A8EA521408D790086A5A2 /* ThingsToDoUITests.swift */; };
		4C2A8EB421408EC80086A5A2 /* DisplayTasksViewController.swift in Sources */ = {isa = PBXBuildFile; fileRef = 4C2A8EB321408EC80086A5A2 /* DisplayTasksViewController.swift */; };
/* End PBXBuildFile section */

/* Begin PBXContainerItemProxy section */
		4C2A8E9721408D790086A5A2 /* PBXContainerItemProxy */ = {
			isa = PBXContainerItemProxy;
			containerPortal = 4C2A8E7721408D6F0086A5A2 /* Project object */;
			proxyType = 1;
			remoteGlobalIDString = 4C2A8E7E21408D6F0086A5A2;
			remoteInfo = ThingsToDo;
		};
		4C2A8EA221408D790086A5A2 /* PBXContainerItemProxy */ = {
			isa = PBXContainerItemProxy;
			containerPortal = 4C2A8E7721408D6F0086A5A2 /* Project object */;
			proxyType = 1;
			remoteGlobalIDString = 4C2A8E7E21408D6F0086A5A2;
			remoteInfo = ThingsToDo;
		};
/* End PBXContainerItemProxy section */

/* Begin PBXFileReference section */
		4C2A8E7F21408D6F0086A5A2 /* ThingsToDo.app */ = {isa = PBXFileReference; explicitFileType = wrapper.application; includeInIndex = 0; path = ThingsToDo.app; sourceTree = BUILT_PRODUCTS_DIR; };
		4C2A8E8221408D6F0086A5A2 /* AppDelegate.swift */ = {isa = PBXFileReference; lastKnownFileType = sourcecode.swift; path = AppDelegate.swift; sourceTree = "<group>"; };
		4C2A8E8421408D6F0086A5A2 /* ViewController.swift */ = {isa = PBXFileReference; lastKnownFileType = sourcecode.swift; path = ViewController.swift; sourceTree = "<group>"; };
		4C2A8E8721408D6F0086A5A2 /* Base */ = {isa = PBXFileReference; lastKnownFileType = file.storyboard; name = Base; path = Base.lproj/Main.storyboard; sourceTree = "<group>"; };
		4C2A8E8A21408D6F0086A5A2 /* ThingsToDo.xcdatamodel */ = {isa = PBXFileReference; lastKnownFileType = wrapper.xcdatamodel; path = ThingsToDo.xcdatamodel; sourceTree = "<group>"; };
		4C2A8E8C21408D780086A5A2 /* Assets.xcassets */ = {isa = PBXFileReference; lastKnownFileType = folder.assetcatalog; path = Assets.xcassets; sourceTree = "<group>"; };
		4C2A8E8F21408D780086A5A2 /* Base */ = {isa = PBXFileReference; lastKnownFileType = file.storyboard; name = Base; path = Base.lproj/LaunchScreen.storyboard; sourceTree = "<group>"; };
		4C2A8E9121408D780086A5A2 /* Info.plist */ = {isa = PBXFileReference; lastKnownFileType = text.plist.xml; path = Info.plist; sourceTree = "<group>"; };
		4C2A8E9621408D790086A5A2 /* ThingsToDoTests.xctest */ = {isa = PBXFileReference; explicitFileType = wrapper.cfbundle; includeInIndex = 0; path = ThingsToDoTests.xctest; sourceTree = BUILT_PRODUCTS_DIR; };
		4C2A8E9A21408D790086A5A2 /* ThingsToDoTests.swift */ = {isa = PBXFileReference; lastKnownFileType = sourcecode.swift; path = ThingsToDoTests.swift; sourceTree = "<group>"; };
		4C2A8E9C21408D790086A5A2 /* Info.plist */ = {isa = PBXFileReference; lastKnownFileType = text.plist.xml; path = Info.plist; sourceTree = "<group>"; };
		4C2A8EA121408D790086A5A2 /* ThingsToDoUITests.xctest */ = {isa = PBXFileReference; explicitFileType = wrapper.cfbundle; includeInIndex = 0; path = ThingsToDoUITests.xctest; sourceTree = BUILT_PRODUCTS_DIR; };
		4C2A8EA521408D790086A5A2 /* ThingsToDoUITests.swift */ = {isa = PBXFileReference; lastKnownFileType = sourcecode.swift; path = ThingsToDoUITests.swift; sourceTree = "<group>"; };
		4C2A8EA721408D790086A5A2 /* Info.plist */ = {isa = PBXFileReference; lastKnownFileType = text.plist.xml; path = Info.plist; sourceTree = "<group>"; };
		4C2A8EB321408EC80086A5A2 /* DisplayTasksViewController.swift */ = {isa = PBXFileReference; lastKnownFileType = sourcecode.swift; path = DisplayTasksViewController.swift; sourceTree = "<group>"; };
/* End PBXFileReference section */

/* Begin PBXFrameworksBuildPhase section */
		4C2A8E7C21408D6F0086A5A2 /* Frameworks */ = {
			isa = PBXFrameworksBuildPhase;
			buildActionMask = 2147483647;
			files = (
			);
			runOnlyForDeploymentPostprocessing = 0;
		};
		4C2A8E9321408D780086A5A2 /* Frameworks */ = {
			isa = PBXFrameworksBuildPhase;
			buildActionMask = 2147483647;
			files = (
			);
			runOnlyForDeploymentPostprocessing = 0;
		};
		4C2A8E9E21408D790086A5A2 /* Frameworks */ = {
			isa = PBXFrameworksBuildPhase;
			buildActionMask = 2147483647;
			files = (
			);
			runOnlyForDeploymentPostprocessing = 0;
		};
/* End PBXFrameworksBuildPhase section */

/* Begin PBXGroup section */
		4C2A8E7621408D6F0086A5A2 = {
			isa = PBXGroup;
			children = (
				4C2A8E8121408D6F0086A5A2 /* ThingsToDo */,
				4C2A8E9921408D790086A5A2 /* ThingsToDoTests */,
				4C2A8EA421408D790086A5A2 /* ThingsToDoUITests */,
				4C2A8E8021408D6F0086A5A2 /* Products */,
			);
			sourceTree = "<group>";
		};
		4C2A8E8021408D6F0086A5A2 /* Products */ = {
			isa = PBXGroup;
			children = (
				4C2A8E7F21408D6F0086A5A2 /* ThingsToDo.app */,
				4C2A8E9621408D790086A5A2 /* ThingsToDoTests.xctest */,
				4C2A8EA121408D790086A5A2 /* ThingsToDoUITests.xctest */,
			);
			name = Products;
			sourceTree = "<group>";
		};
		4C2A8E8121408D6F0086A5A2 /* ThingsToDo */ = {
			isa = PBXGroup;
			children = (
				4C2A8E8221408D6F0086A5A2 /* AppDelegate.swift */,
				4C2A8EB321408EC80086A5A2 /* DisplayTasksViewController.swift */,
				4C2A8E8421408D6F0086A5A2 /* ViewController.swift */,
				4C2A8E8621408D6F0086A5A2 /* Main.storyboard */,
				4C2A8E8C21408D780086A5A2 /* Assets.xcassets */,
				4C2A8E8E21408D780086A5A2 /* LaunchScreen.storyboard */,
				4C2A8E9121408D780086A5A2 /* Info.plist */,
				4C2A8E8921408D6F0086A5A2 /* ThingsToDo.xcdatamodeld */,
			);
			path = ThingsToDo;
			sourceTree = "<group>";
		};
		4C2A8E9921408D790086A5A2 /* ThingsToDoTests */ = {
			isa = PBXGroup;
			children = (
				4C2A8E9A21408D790086A5A2 /* ThingsToDoTests.swift */,
				4C2A8E9C21408D790086A5A2 /* Info.plist */,
			);
			path = ThingsToDoTests;
			sourceTree = "<group>";
		};
		4C2A8EA421408D790086A5A2 /* ThingsToDoUITests */ = {
			isa = PBXGroup;
			children = (
				4C2A8EA521408D790086A5A2 /* ThingsToDoUITests.swift */,
				4C2A8EA721408D790086A5A2 /* Info.plist */,
			);
			path = ThingsToDoUITests;
			sourceTree = "<group>";
		};
/* End PBXGroup section */

/* Begin PBXNativeTarget section */
		4C2A8E7E21408D6F0086A5A2 /* ThingsToDo */ = {
			isa = PBXNativeTarget;
			buildConfigurationList = 4C2A8EAA21408D790086A5A2 /* Build configuration list for PBXNativeTarget "ThingsToDo" */;
			buildPhases = (
				4C2A8E7B21408D6F0086A5A2 /* Sources */,
				4C2A8E7C21408D6F0086A5A2 /* Frameworks */,
				4C2A8E7D21408D6F0086A5A2 /* Resources */,
			);
			buildRules = (
			);
			dependencies = (
			);
			name = ThingsToDo;
			productName = ThingsToDo;
			productReference = 4C2A8E7F21408D6F0086A5A2 /* ThingsToDo.app */;
			productType = "com.apple.product-type.application";
		};
		4C2A8E9521408D780086A5A2 /* ThingsToDoTests */ = {
			isa = PBXNativeTarget;
			buildConfigurationList = 4C2A8EAD21408D790086A5A2 /* Build configuration list for PBXNativeTarget "ThingsToDoTests" */;
			buildPhases = (
				4C2A8E9221408D780086A5A2 /* Sources */,
				4C2A8E9321408D780086A5A2 /* Frameworks */,
				4C2A8E9421408D780086A5A2 /* Resources */,
			);
			buildRules = (
			);
			dependencies = (
				4C2A8E9821408D790086A5A2 /* PBXTargetDependency */,
			);
			name = ThingsToDoTests;
			productName = ThingsToDoTests;
			productReference = 4C2A8E9621408D790086A5A2 /* ThingsToDoTests.xctest */;
			productType = "com.apple.product-type.bundle.unit-test";
		};
		4C2A8EA021408D790086A5A2 /* ThingsToDoUITests */ = {
			isa = PBXNativeTarget;
			buildConfigurationList = 4C2A8EB021408D790086A5A2 /* Build configuration list for PBXNativeTarget "ThingsToDoUITests" */;
			buildPhases = (
				4C2A8E9D21408D790086A5A2 /* Sources */,
				4C2A8E9E21408D790086A5A2 /* Frameworks */,
				4C2A8E9F21408D790086A5A2 /* Resources */,
			);
			buildRules = (
			);
			dependencies = (
				4C2A8EA321408D790086A5A2 /* PBXTargetDependency */,
			);
			name = ThingsToDoUITests;
			productName = ThingsToDoUITests;
			productReference = 4C2A8EA121408D790086A5A2 /* ThingsToDoUITests.xctest */;
			productType = "com.apple.product-type.bundle.ui-testing";
		};
/* End PBXNativeTarget section */

/* Begin PBXProject section */
		4C2A8E7721408D6F0086A5A2 /* Project object */ = {
			isa = PBXProject;
			attributes = {
				LastSwiftUpdateCheck = 0940;
				LastUpgradeCheck = 0940;
				ORGANIZATIONNAME = "Jessica Mallian";
				TargetAttributes = {
					4C2A8E7E21408D6F0086A5A2 = {
						CreatedOnToolsVersion = 9.4.1;
					};
					4C2A8E9521408D780086A5A2 = {
						CreatedOnToolsVersion = 9.4.1;
						TestTargetID = 4C2A8E7E21408D6F0086A5A2;
					};
					4C2A8EA021408D790086A5A2 = {
						CreatedOnToolsVersion = 9.4.1;
						TestTargetID = 4C2A8E7E21408D6F0086A5A2;
					};
				};
			};
			buildConfigurationList = 4C2A8E7A21408D6F0086A5A2 /* Build configuration list for PBXProject "ThingsToDo" */;
			compatibilityVersion = "Xcode 9.3";
			developmentRegion = en;
			hasScannedForEncodings = 0;
			knownRegions = (
				en,
				Base,
			);
			mainGroup = 4C2A8E7621408D6F0086A5A2;
			productRefGroup = 4C2A8E8021408D6F0086A5A2 /* Products */;
			projectDirPath = "";
			projectRoot = "";
			targets = (
				4C2A8E7E21408D6F0086A5A2 /* ThingsToDo */,
				4C2A8E9521408D780086A5A2 /* ThingsToDoTests */,
				4C2A8EA021408D790086A5A2 /* ThingsToDoUITests */,
			);
		};
/* End PBXProject section */

/* Begin PBXResourcesBuildPhase section */
		4C2A8E7D21408D6F0086A5A2 /* Resources */ = {
			isa = PBXResourcesBuildPhase;
			buildActionMask = 2147483647;
			files = (
				4C2A8E9021408D780086A5A2 /* LaunchScreen.storyboard in Resources */,
				4C2A8E8D21408D780086A5A2 /* Assets.xcassets in Resources */,
				4C2A8E8821408D6F0086A5A2 /* Main.storyboard in Resources */,
			);
			runOnlyForDeploymentPostprocessing = 0;
		};
		4C2A8E9421408D780086A5A2 /* Resources */ = {
			isa = PBXResourcesBuildPhase;
			buildActionMask = 2147483647;
			files = (
			);
			runOnlyForDeploymentPostprocessing = 0;
		};
		4C2A8E9F21408D790086A5A2 /* Resources */ = {
			isa = PBXResourcesBuildPhase;
			buildActionMask = 2147483647;
			files = (
			);
			runOnlyForDeploymentPostprocessing = 0;
		};
/* End PBXResourcesBuildPhase section */

/* Begin PBXSourcesBuildPhase section */
		4C2A8E7B21408D6F0086A5A2 /* Sources */ = {
			isa = PBXSourcesBuildPhase;
			buildActionMask = 2147483647;
			files = (
				4C2A8EB421408EC80086A5A2 /* DisplayTasksViewController.swift in Sources */,
				4C2A8E8521408D6F0086A5A2 /* ViewController.swift in Sources */,
				4C2A8E8321408D6F0086A5A2 /* AppDelegate.swift in Sources */,
				4C2A8E8B21408D6F0086A5A2 /* ThingsToDo.xcdatamodeld in Sources */,
			);
			runOnlyForDeploymentPostprocessing = 0;
		};
		4C2A8E9221408D780086A5A2 /* Sources */ = {
			isa = PBXSourcesBuildPhase;
			buildActionMask = 2147483647;
			files = (
				4C2A8E9B21408D790086A5A2 /* ThingsToDoTests.swift in Sources */,
			);
			runOnlyForDeploymentPostprocessing = 0;
		};
		4C2A8E9D21408D790086A5A2 /* Sources */ = {
			isa = PBXSourcesBuildPhase;
			buildActionMask = 2147483647;
			files = (
				4C2A8EA621408D790086A5A2 /* ThingsToDoUITests.swift in Sources */,
			);
			runOnlyForDeploymentPostprocessing = 0;
		};
/* End PBXSourcesBuildPhase section */

/* Begin PBXTargetDependency section */
		4C2A8E9821408D790086A5A2 /* PBXTargetDependency */ = {
			isa = PBXTargetDependency;
			target = 4C2A8E7E21408D6F0086A5A2 /* ThingsToDo */;
			targetProxy = 4C2A8E9721408D790086A5A2 /* PBXContainerItemProxy */;
		};
		4C2A8EA321408D790086A5A2 /* PBXTargetDependency */ = {
			isa = PBXTargetDependency;
			target = 4C2A8E7E21408D6F0086A5A2 /* ThingsToDo */;
			targetProxy = 4C2A8EA221408D790086A5A2 /* PBXContainerItemProxy */;
		};
/* End PBXTargetDependency section */

/* Begin PBXVariantGroup section */
		4C2A8E8621408D6F0086A5A2 /* Main.storyboard */ = {
			isa = PBXVariantGroup;
			children = (
				4C2A8E8721408D6F0086A5A2 /* Base */,
			);
			name = Main.storyboard;
			sourceTree = "<group>";
		};
		4C2A8E8E21408D780086A5A2 /* LaunchScreen.storyboard */ = {
			isa = PBXVariantGroup;
			children = (
				4C2A8E8F21408D780086A5A2 /* Base */,
			);
			name = LaunchScreen.storyboard;
			sourceTree = "<group>";
		};
/* End PBXVariantGroup section */

/* Begin XCBuildConfiguration section */
		4C2A8EA821408D790086A5A2 /* Debug */ = {
			isa = XCBuildConfiguration;
			buildSettings = {
				ALWAYS_SEARCH_USER_PATHS = NO;
				CLANG_ANALYZER_NONNULL = YES;
				CLANG_ANALYZER_NUMBER_OBJECT_CONVERSION = YES_AGGRESSIVE;
				CLANG_CXX_LANGUAGE_STANDARD = "gnu++14";
				CLANG_CXX_LIBRARY = "libc++";
				CLANG_ENABLE_MODULES = YES;
				CLANG_ENABLE_OBJC_ARC = YES;
				CLANG_ENABLE_OBJC_WEAK = YES;
				CLANG_WARN_BLOCK_CAPTURE_AUTORELEASING = YES;
				CLANG_WARN_BOOL_CONVERSION = YES;
				CLANG_WARN_COMMA = YES;
				CLANG_WARN_CONSTANT_CONVERSION = YES;
				CLANG_WARN_DEPRECATED_OBJC_IMPLEMENTATIONS = YES;
				CLANG_WARN_DIRECT_OBJC_ISA_USAGE = YES_ERROR;
				CLANG_WARN_DOCUMENTATION_COMMENTS = YES;
				CLANG_WARN_EMPTY_BODY = YES;
				CLANG_WARN_ENUM_CONVERSION = YES;
				CLANG_WARN_INFINITE_RECURSION = YES;
				CLANG_WARN_INT_CONVERSION = YES;
				CLANG_WARN_NON_LITERAL_NULL_CONVERSION = YES;
				CLANG_WARN_OBJC_IMPLICIT_RETAIN_SELF = YES;
				CLANG_WARN_OBJC_LITERAL_CONVERSION = YES;
				CLANG_WARN_OBJC_ROOT_CLASS = YES_ERROR;
				CLANG_WARN_RANGE_LOOP_ANALYSIS = YES;
				CLANG_WARN_STRICT_PROTOTYPES = YES;
				CLANG_WARN_SUSPICIOUS_MOVE = YES;
				CLANG_WARN_UNGUARDED_AVAILABILITY = YES_AGGRESSIVE;
				CLANG_WARN_UNREACHABLE_CODE = YES;
				CLANG_WARN__DUPLICATE_METHOD_MATCH = YES;
				CODE_SIGN_IDENTITY = "iPhone Developer";
				COPY_PHASE_STRIP = NO;
				DEBUG_INFORMATION_FORMAT = dwarf;
				ENABLE_STRICT_OBJC_MSGSEND = YES;
				ENABLE_TESTABILITY = YES;
				GCC_C_LANGUAGE_STANDARD = gnu11;
				GCC_DYNAMIC_NO_PIC = NO;
				GCC_NO_COMMON_BLOCKS = YES;
				GCC_OPTIMIZATION_LEVEL = 0;
				GCC_PREPROCESSOR_DEFINITIONS = (
					"DEBUG=1",
					"$(inherited)",
				);
				GCC_WARN_64_TO_32_BIT_CONVERSION = YES;
				GCC_WARN_ABOUT_RETURN_TYPE = YES_ERROR;
				GCC_WARN_UNDECLARED_SELECTOR = YES;
				GCC_WARN_UNINITIALIZED_AUTOS = YES_AGGRESSIVE;
				GCC_WARN_UNUSED_FUNCTION = YES;
				GCC_WARN_UNUSED_VARIABLE = YES;
				IPHONEOS_DEPLOYMENT_TARGET = 11.4;
				MTL_ENABLE_DEBUG_INFO = YES;
				ONLY_ACTIVE_ARCH = YES;
				SDKROOT = iphoneos;
				SWIFT_ACTIVE_COMPILATION_CONDITIONS = DEBUG;
				SWIFT_OPTIMIZATION_LEVEL = "-Onone";
			};
			name = Debug;
		};
		4C2A8EA921408D790086A5A2 /* Release */ = {
			isa = XCBuildConfiguration;
			buildSettings = {
				ALWAYS_SEARCH_USER_PATHS = NO;
				CLANG_ANALYZER_NONNULL = YES;
				CLANG_ANALYZER_NUMBER_OBJECT_CONVERSION = YES_AGGRESSIVE;
				CLANG_CXX_LANGUAGE_STANDARD = "gnu++14";
				CLANG_CXX_LIBRARY = "libc++";
				CLANG_ENABLE_MODULES = YES;
				CLANG_ENABLE_OBJC_ARC = YES;
				CLANG_ENABLE_OBJC_WEAK = YES;
				CLANG_WARN_BLOCK_CAPTURE_AUTORELEASING = YES;
				CLANG_WARN_BOOL_CONVERSION = YES;
				CLANG_WARN_COMMA = YES;
				CLANG_WARN_CONSTANT_CONVERSION = YES;
				CLANG_WARN_DEPRECATED_OBJC_IMPLEMENTATIONS = YES;
				CLANG_WARN_DIRECT_OBJC_ISA_USAGE = YES_ERROR;
				CLANG_WARN_DOCUMENTATION_COMMENTS = YES;
				CLANG_WARN_EMPTY_BODY = YES;
				CLANG_WARN_ENUM_CONVERSION = YES;
				CLANG_WARN_INFINITE_RECURSION = YES;
				CLANG_WARN_INT_CONVERSION = YES;
				CLANG_WARN_NON_LITERAL_NULL_CONVERSION = YES;
				CLANG_WARN_OBJC_IMPLICIT_RETAIN_SELF = YES;
				CLANG_WARN_OBJC_LITERAL_CONVERSION = YES;
				CLANG_WARN_OBJC_ROOT_CLASS = YES_ERROR;
				CLANG_WARN_RANGE_LOOP_ANALYSIS = YES;
				CLANG_WARN_STRICT_PROTOTYPES = YES;
				CLANG_WARN_SUSPICIOUS_MOVE = YES;
				CLANG_WARN_UNGUARDED_AVAILABILITY = YES_AGGRESSIVE;
				CLANG_WARN_UNREACHABLE_CODE = YES;
				CLANG_WARN__DUPLICATE_METHOD_MATCH = YES;
				CODE_SIGN_IDENTITY = "iPhone Developer";
				COPY_PHASE_STRIP = NO;
				DEBUG_INFORMATION_FORMAT = "dwarf-with-dsym";
				ENABLE_NS_ASSERTIONS = NO;
				ENABLE_STRICT_OBJC_MSGSEND = YES;
				GCC_C_LANGUAGE_STANDARD = gnu11;
				GCC_NO_COMMON_BLOCKS = YES;
				GCC_WARN_64_TO_32_BIT_CONVERSION = YES;
				GCC_WARN_ABOUT_RETURN_TYPE = YES_ERROR;
				GCC_WARN_UNDECLARED_SELECTOR = YES;
				GCC_WARN_UNINITIALIZED_AUTOS = YES_AGGRESSIVE;
				GCC_WARN_UNUSED_FUNCTION = YES;
				GCC_WARN_UNUSED_VARIABLE = YES;
				IPHONEOS_DEPLOYMENT_TARGET = 11.4;
				MTL_ENABLE_DEBUG_INFO = NO;
				SDKROOT = iphoneos;
				SWIFT_COMPILATION_MODE = wholemodule;
				SWIFT_OPTIMIZATION_LEVEL = "-O";
				VALIDATE_PRODUCT = YES;
			};
			name = Release;
		};
		4C2A8EAB21408D790086A5A2 /* Debug */ = {
			isa = XCBuildConfiguration;
			buildSettings = {
				ASSETCATALOG_COMPILER_APPICON_NAME = AppIcon;
				CODE_SIGN_STYLE = Automatic;
				DEVELOPMENT_TEAM = NN4L929Z2T;
				INFOPLIST_FILE = ThingsToDo/Info.plist;
				LD_RUNPATH_SEARCH_PATHS = (
					"$(inherited)",
					"@executable_path/Frameworks",
				);
				PRODUCT_BUNDLE_IDENTIFIER = com.mallian.ThingsToDo;
				PRODUCT_NAME = "$(TARGET_NAME)";
				SWIFT_VERSION = 4.0;
				TARGETED_DEVICE_FAMILY = "1,2";
			};
			name = Debug;
		};
		4C2A8EAC21408D790086A5A2 /* Release */ = {
			isa = XCBuildConfiguration;
			buildSettings = {
				ASSETCATALOG_COMPILER_APPICON_NAME = AppIcon;
				CODE_SIGN_STYLE = Automatic;
				DEVELOPMENT_TEAM = NN4L929Z2T;
				INFOPLIST_FILE = ThingsToDo/Info.plist;
				LD_RUNPATH_SEARCH_PATHS = (
					"$(inherited)",
					"@executable_path/Frameworks",
				);
				PRODUCT_BUNDLE_IDENTIFIER = com.mallian.ThingsToDo;
				PRODUCT_NAME = "$(TARGET_NAME)";
				SWIFT_VERSION = 4.0;
				TARGETED_DEVICE_FAMILY = "1,2";
			};
			name = Release;
		};
		4C2A8EAE21408D790086A5A2 /* Debug */ = {
			isa = XCBuildConfiguration;
			buildSettings = {
				ALWAYS_EMBED_SWIFT_STANDARD_LIBRARIES = YES;
				BUNDLE_LOADER = "$(TEST_HOST)";
				CODE_SIGN_STYLE = Automatic;
				DEVELOPMENT_TEAM = NN4L929Z2T;
				INFOPLIST_FILE = ThingsToDoTests/Info.plist;
				LD_RUNPATH_SEARCH_PATHS = (
					"$(inherited)",
					"@executable_path/Frameworks",
					"@loader_path/Frameworks",
				);
				PRODUCT_BUNDLE_IDENTIFIER = com.mallian.ThingsToDoTests;
				PRODUCT_NAME = "$(TARGET_NAME)";
				SWIFT_VERSION = 4.0;
				TARGETED_DEVICE_FAMILY = "1,2";
				TEST_HOST = "$(BUILT_PRODUCTS_DIR)/ThingsToDo.app/ThingsToDo";
			};
			name = Debug;
		};
		4C2A8EAF21408D790086A5A2 /* Release */ = {
			isa = XCBuildConfiguration;
			buildSettings = {
				ALWAYS_EMBED_SWIFT_STANDARD_LIBRARIES = YES;
				BUNDLE_LOADER = "$(TEST_HOST)";
				CODE_SIGN_STYLE = Automatic;
				DEVELOPMENT_TEAM = NN4L929Z2T;
				INFOPLIST_FILE = ThingsToDoTests/Info.plist;
				LD_RUNPATH_SEARCH_PATHS = (
					"$(inherited)",
					"@executable_path/Frameworks",
					"@loader_path/Frameworks",
				);
				PRODUCT_BUNDLE_IDENTIFIER = com.mallian.ThingsToDoTests;
				PRODUCT_NAME = "$(TARGET_NAME)";
				SWIFT_VERSION = 4.0;
				TARGETED_DEVICE_FAMILY = "1,2";
				TEST_HOST = "$(BUILT_PRODUCTS_DIR)/ThingsToDo.app/ThingsToDo";
			};
			name = Release;
		};
		4C2A8EB121408D790086A5A2 /* Debug */ = {
			isa = XCBuildConfiguration;
			buildSettings = {
				ALWAYS_EMBED_SWIFT_STANDARD_LIBRARIES = YES;
				CODE_SIGN_STYLE = Automatic;
				DEVELOPMENT_TEAM = NN4L929Z2T;
				INFOPLIST_FILE = ThingsToDoUITests/Info.plist;
				LD_RUNPATH_SEARCH_PATHS = (
					"$(inherited)",
					"@executable_path/Frameworks",
					"@loader_path/Frameworks",
				);
				PRODUCT_BUNDLE_IDENTIFIER = com.mallian.ThingsToDoUITests;
				PRODUCT_NAME = "$(TARGET_NAME)";
				SWIFT_VERSION = 4.0;
				TARGETED_DEVICE_FAMILY = "1,2";
				TEST_TARGET_NAME = ThingsToDo;
			};
			name = Debug;
		};
		4C2A8EB221408D790086A5A2 /* Release */ = {
			isa = XCBuildConfiguration;
			buildSettings = {
				ALWAYS_EMBED_SWIFT_STANDARD_LIBRARIES = YES;
				CODE_SIGN_STYLE = Automatic;
				DEVELOPMENT_TEAM = NN4L929Z2T;
				INFOPLIST_FILE = ThingsToDoUITests/Info.plist;
				LD_RUNPATH_SEARCH_PATHS = (
					"$(inherited)",
					"@executable_path/Frameworks",
					"@loader_path/Frameworks",
				);
				PRODUCT_BUNDLE_IDENTIFIER = com.mallian.ThingsToDoUITests;
				PRODUCT_NAME = "$(TARGET_NAME)";
				SWIFT_VERSION = 4.0;
				TARGETED_DEVICE_FAMILY = "1,2";
				TEST_TARGET_NAME = ThingsToDo;
			};
			name = Release;
		};
/* End XCBuildConfiguration section */

/* Begin XCConfigurationList section */
		4C2A8E7A21408D6F0086A5A2 /* Build configuration list for PBXProject "ThingsToDo" */ = {
			isa = XCConfigurationList;
			buildConfigurations = (
				4C2A8EA821408D790086A5A2 /* Debug */,
				4C2A8EA921408D790086A5A2 /* Release */,
			);
			defaultConfigurationIsVisible = 0;
			defaultConfigurationName = Release;
		};
		4C2A8EAA21408D790086A5A2 /* Build configuration list for PBXNativeTarget "ThingsToDo" */ = {
			isa = XCConfigurationList;
			buildConfigurations = (
				4C2A8EAB21408D790086A5A2 /* Debug */,
				4C2A8EAC21408D790086A5A2 /* Release */,
			);
			defaultConfigurationIsVisible = 0;
			defaultConfigurationName = Release;
		};
		4C2A8EAD21408D790086A5A2 /* Build configuration list for PBXNativeTarget "ThingsToDoTests" */ = {
			isa = XCConfigurationList;
			buildConfigurations = (
				4C2A8EAE21408D790086A5A2 /* Debug */,
				4C2A8EAF21408D790086A5A2 /* Release */,
			);
			defaultConfigurationIsVisible = 0;
			defaultConfigurationName = Release;
		};
		4C2A8EB021408D790086A5A2 /* Build configuration list for PBXNativeTarget "ThingsToDoUITests" */ = {
			isa = XCConfigurationList;
			buildConfigurations = (
				4C2A8EB121408D790086A5A2 /* Debug */,
				4C2A8EB221408D790086A5A2 /* Release */,
			);
			defaultConfigurationIsVisible = 0;
			defaultConfigurationName = Release;
		};
/* End XCConfigurationList section */

/* Begin XCVersionGroup section */
		4C2A8E8921408D6F0086A5A2 /* ThingsToDo.xcdatamodeld */ = {
			isa = XCVersionGroup;
			children = (
				4C2A8E8A21408D6F0086A5A2 /* ThingsToDo.xcdatamodel */,
			);
			currentVersion = 4C2A8E8A21408D6F0086A5A2 /* ThingsToDo.xcdatamodel */;
			path = ThingsToDo.xcdatamodeld;
			sourceTree = "<group>";
			versionGroupType = wrapper.xcdatamodel;
		};
/* End XCVersionGroup section */
	};
	rootObject = 4C2A8E7721408D6F0086A5A2 /* Project object */;
}
